Microsoft Visual Studio Solution File, Format Version 12.00
# Visual Studio Version 17
VisualStudioVersion = 17.5.2.0
MinimumVisualStudioVersion = 10.0.40219.1
Project("{FAE04EC0-301F-11D3-BF4B-00C04F79EFBC}") = "FYP-25-S3-15P", "FYP-25-S3-15P.csproj", "{3DD4D71E-27A7-6145-62D6-0EF1E5E86220}"
EndProject
Global
	GlobalSection(SolutionConfigurationPlatforms) = preSolution
		Debug|Any CPU = Debug|Any CPU
		Release|Any CPU = Release|Any CPU
	EndGlobalSection
	GlobalSection(ProjectConfigurationPlatforms) = postSolution
		{3DD4D71E-27A7-6145-62D6-0EF1E5E86220}.Debug|Any CPU.ActiveCfg = Debug|Any CPU
		{3DD4D71E-27A7-6145-62D6-0EF1E5E86220}.Debug|Any CPU.Build.0 = Debug|Any CPU
		{3DD4D71E-27A7-6145-62D6-0EF1E5E86220}.Release|Any CPU.ActiveCfg = Release|Any CPU
		{3DD4D71E-27A7-6145-62D6-0EF1E5E86220}.Release|Any CPU.Build.0 = Release|Any CPU
	EndGlobalSection
	GlobalSection(SolutionProperties) = preSolution
		HideSolutionNode = FALSE
	EndGlobalSection
	GlobalSection(ExtensibilityGlobals) = postSolution
		SolutionGuid = {BD46B160-F8B6-4739-A70C-6DD8D9FBD7FF}
	EndGlobalSection
EndGlobal
